
Microsoft Visual Studio Solution File, Format Version 12.00
# Visual Studio 15
VisualStudioVersion = 15.0.26430.15
MinimumVisualStudioVersion = 10.0.40219.1
Project("{FAE04EC0-301F-11D3-BF4B-00C04F79EFBC}") = "WolfDeveloper", "WolfDeveloper\WolfDeveloper.csproj", "{C67F73AD-94DB-43C9-83F0-A55B6170AAC6}"
EndProject
Project("{FAE04EC0-301F-11D3-BF4B-00C04F79EFBC}") = "Models", "Models\Models.csproj", "{796FCA35-FCDB-46F6-BB70-8F2722F36C74}"
EndProject
Project("{FAE04EC0-301F-11D3-BF4B-00C04F79EFBC}") = "UnitTests", "UnitTests\UnitTests.csproj", "{F9598FEC-C494-4FB2-B4B4-F548B1C5B43D}"
EndProject
Project("{FAE04EC0-301F-11D3-BF4B-00C04F79EFBC}") = "DataAccessLayer", "DataAccessLayer\DataAccessLayer.csproj", "{0547A50D-38D5-4C7B-B2C9-CCB909B0EEF7}"
EndProject
Global
	GlobalSection(SolutionConfigurationPlatforms) = preSolution
		Debug|Any CPU = Debug|Any CPU
		Release|Any CPU = Release|Any CPU
	EndGlobalSection
	GlobalSection(ProjectConfigurationPlatforms) = postSolution
		{C67F73AD-94DB-43C9-83F0-A55B6170AAC6}.Debug|Any CPU.ActiveCfg = Debug|Any CPU
		{C67F73AD-94DB-43C9-83F0-A55B6170AAC6}.Debug|Any CPU.Build.0 = Debug|Any CPU
		{C67F73AD-94DB-43C9-83F0-A55B6170AAC6}.Release|Any CPU.ActiveCfg = Release|Any CPU
		{C67F73AD-94DB-43C9-83F0-A55B6170AAC6}.Release|Any CPU.Build.0 = Release|Any CPU
		{796FCA35-FCDB-46F6-BB70-8F2722F36C74}.Debug|Any CPU.ActiveCfg = Debug|Any CPU
		{796FCA35-FCDB-46F6-BB70-8F2722F36C74}.Debug|Any CPU.Build.0 = Debug|Any CPU
		{796FCA35-FCDB-46F6-BB70-8F2722F36C74}.Release|Any CPU.ActiveCfg = Release|Any CPU
		{796FCA35-FCDB-46F6-BB70-8F2722F36C74}.Release|Any CPU.Build.0 = Release|Any CPU
		{F9598FEC-C494-4FB2-B4B4-F548B1C5B43D}.Debug|Any CPU.ActiveCfg = Debug|Any CPU
		{F9598FEC-C494-4FB2-B4B4-F548B1C5B43D}.Debug|Any CPU.Build.0 = Debug|Any CPU
		{F9598FEC-C494-4FB2-B4B4-F548B1C5B43D}.Release|Any CPU.ActiveCfg = Release|Any CPU
		{F9598FEC-C494-4FB2-B4B4-F548B1C5B43D}.Release|Any CPU.Build.0 = Release|Any CPU
		{0547A50D-38D5-4C7B-B2C9-CCB909B0EEF7}.Debug|Any CPU.ActiveCfg = Debug|Any CPU
		{0547A50D-38D5-4C7B-B2C9-CCB909B0EEF7}.Debug|Any CPU.Build.0 = Debug|Any CPU
		{0547A50D-38D5-4C7B-B2C9-CCB909B0EEF7}.Release|Any CPU.ActiveCfg = Release|Any CPU
		{0547A50D-38D5-4C7B-B2C9-CCB909B0EEF7}.Release|Any CPU.Build.0 = Release|Any CPU
	EndGlobalSection
	GlobalSection(SolutionProperties) = preSolution
		HideSolutionNode = FALSE
	EndGlobalSection
	GlobalSection(ExtensibilityGlobals) = postSolution
		VisualSVNWorkingCopyRoot = .
	EndGlobalSection
EndGlobal
